// !$*UTF8*$!
{
	archiveVersion = 1;
	classes = {
	};
	objectVersion = 48;
	objects = {

/* Begin PBXBuildFile section */
		0674FCE420A337FD008440BA /* DemoOneCell.m in Sources */ = {isa = PBXBuildFile; fileRef = 0674FCE320A337FD008440BA /* DemoOneCell.m */; };
		0674FCE720A33891008440BA /* DemoTwoCell.m in Sources */ = {isa = PBXBuildFile; fileRef = 0674FCE620A33891008440BA /* DemoTwoCell.m */; };
		0674FCEA20A338AA008440BA /* DemoThreeCell.m in Sources */ = {isa = PBXBuildFile; fileRef = 0674FCE920A338AA008440BA /* DemoThreeCell.m */; };
		7962C8F720A289DA000A4191 /* AppDelegate.m in Sources */ = {isa = PBXBuildFile; fileRef = 7962C8F620A289DA000A4191 /* AppDelegate.m */; };
		7962C8FA20A289DA000A4191 /* ViewController.m in Sources */ = {isa = PBXBuildFile; fileRef = 7962C8F920A289DA000A4191 /* ViewController.m */; };
		7962C8FD20A289DA000A4191 /* Main.storyboard in Resources */ = {isa = PBXBuildFile; fileRef = 7962C8FB20A289DA000A4191 /* Main.storyboard */; };
		7962C8FF20A289DA000A4191 /* Assets.xcassets in Resources */ = {isa = PBXBuildFile; fileRef = 7962C8FE20A289DA000A4191 /* Assets.xcassets */; };
		7962C90220A289DA000A4191 /* LaunchScreen.storyboard in Resources */ = {isa = PBXBuildFile; fileRef = 7962C90020A289DA000A4191 /* LaunchScreen.storyboard */; };
		7962C90520A289DA000A4191 /* main.m in Sources */ = {isa = PBXBuildFile; fileRef = 7962C90420A289DA000A4191 /* main.m */; };
		7962C90F20A289DA000A4191 /* MVPDemo01Tests.m in Sources */ = {isa = PBXBuildFile; fileRef = 7962C90E20A289DA000A4191 /* MVPDemo01Tests.m */; };
		7962C91A20A289DA000A4191 /* MVPDemo01UITests.m in Sources */ = {isa = PBXBuildFile; fileRef = 7962C91920A289DA000A4191 /* MVPDemo01UITests.m */; };
		7962C93120A28BAF000A4191 /* DemoViewController.m in Sources */ = {isa = PBXBuildFile; fileRef = 7962C92F20A28BAF000A4191 /* DemoViewController.m */; };
		7962C93220A28BAF000A4191 /* DemoViewController.xib in Resources */ = {isa = PBXBuildFile; fileRef = 7962C93020A28BAF000A4191 /* DemoViewController.xib */; };
		7962C93520A28CAB000A4191 /* DemoViewModel.m in Sources */ = {isa = PBXBuildFile; fileRef = 7962C93420A28CAB000A4191 /* DemoViewModel.m */; };
		7962C93820A291F8000A4191 /* DemoTableViewModel.m in Sources */ = {isa = PBXBuildFile; fileRef = 7962C93720A291F8000A4191 /* DemoTableViewModel.m */; };
		7962C93B20A29944000A4191 /* DemoModel.m in Sources */ = {isa = PBXBuildFile; fileRef = 7962C93A20A29944000A4191 /* DemoModel.m */; };
		7962C93F20A2E55C000A4191 /* DemoViewManager.m in Sources */ = {isa = PBXBuildFile; fileRef = 7962C93E20A2E55C000A4191 /* DemoViewManager.m */; };
/* End PBXBuildFile section */

/* Begin PBXContainerItemProxy section */
		7962C90B20A289DA000A4191 /* PBXContainerItemProxy */ = {
			isa = PBXContainerItemProxy;
			containerPortal = 7962C8EA20A289DA000A4191 /* Project object */;
			proxyType = 1;
			remoteGlobalIDString = 7962C8F120A289DA000A4191;
			remoteInfo = MVPDemo01;
		};
		7962C91620A289DA000A4191 /* PBXContainerItemProxy */ = {
			isa = PBXContainerItemProxy;
			containerPortal = 7962C8EA20A289DA000A4191 /* Project object */;
			proxyType = 1;
			remoteGlobalIDString = 7962C8F120A289DA000A4191;
			remoteInfo = MVPDemo01;
		};
/* End PBXContainerItemProxy section */

/* Begin PBXFileReference section */
		0674FCE220A337FD008440BA /* DemoOneCell.h */ = {isa = PBXFileReference; lastKnownFileType = sourcecode.c.h; path = DemoOneCell.h; sourceTree = "<group>"; };
		0674FCE320A337FD008440BA /* DemoOneCell.m */ = {isa = PBXFileReference; lastKnownFileType = sourcecode.c.objc; path = DemoOneCell.m; sourceTree = "<group>"; };
		0674FCE520A33891008440BA /* DemoTwoCell.h */ = {isa = PBXFileReference; lastKnownFileType = sourcecode.c.h; path = DemoTwoCell.h; sourceTree = "<group>"; };
		0674FCE620A33891008440BA /* DemoTwoCell.m */ = {isa = PBXFileReference; lastKnownFileType = sourcecode.c.objc; path = DemoTwoCell.m; sourceTree = "<group>"; };
		0674FCE820A338AA008440BA /* DemoThreeCell.h */ = {isa = PBXFileReference; lastKnownFileType = sourcecode.c.h; path = DemoThreeCell.h; sourceTree = "<group>"; };
		0674FCE920A338AA008440BA /* DemoThreeCell.m */ = {isa = PBXFileReference; lastKnownFileType = sourcecode.c.objc; path = DemoThreeCell.m; sourceTree = "<group>"; };
		7962C8F220A289DA000A4191 /* MVPDemo01.app */ = {isa = PBXFileReference; explicitFileType = wrapper.application; includeInIndex = 0; path = MVPDemo01.app; sourceTree = BUILT_PRODUCTS_DIR; };
		7962C8F520A289DA000A4191 /* AppDelegate.h */ = {isa = PBXFileReference; lastKnownFileType = sourcecode.c.h; path = AppDelegate.h; sourceTree = "<group>"; };
		7962C8F620A289DA000A4191 /* AppDelegate.m */ = {isa = PBXFileReference; lastKnownFileType = sourcecode.c.objc; path = AppDelegate.m; sourceTree = "<group>"; };
		7962C8F820A289DA000A4191 /* ViewController.h */ = {isa = PBXFileReference; lastKnownFileType = sourcecode.c.h; path = ViewController.h; sourceTree = "<group>"; };
		7962C8F920A289DA000A4191 /* ViewController.m */ = {isa = PBXFileReference; lastKnownFileType = sourcecode.c.objc; path = ViewController.m; sourceTree = "<group>"; };
		7962C8FC20A289DA000A4191 /* Base */ = {isa = PBXFileReference; lastKnownFileType = file.storyboard; name = Base; path = Base.lproj/Main.storyboard; sourceTree = "<group>"; };
		7962C8FE20A289DA000A4191 /* Assets.xcassets */ = {isa = PBXFileReference; lastKnownFileType = folder.assetcatalog; path = Assets.xcassets; sourceTree = "<group>"; };
		7962C90120A289DA000A4191 /* Base */ = {isa = PBXFileReference; lastKnownFileType = file.storyboard; name = Base; path = Base.lproj/LaunchScreen.storyboard; sourceTree = "<group>"; };
		7962C90320A289DA000A4191 /* Info.plist */ = {isa = PBXFileReference; lastKnownFileType = text.plist.xml; path = Info.plist; sourceTree = "<group>"; };
		7962C90420A289DA000A4191 /* main.m */ = {isa = PBXFileReference; lastKnownFileType = sourcecode.c.objc; path = main.m; sourceTree = "<group>"; };
		7962C90A20A289DA000A4191 /* MVPDemo01Tests.xctest */ = {isa = PBXFileReference; explicitFileType = wrapper.cfbundle; includeInIndex = 0; path = MVPDemo01Tests.xctest; sourceTree = BUILT_PRODUCTS_DIR; };
		7962C90E20A289DA000A4191 /* MVPDemo01Tests.m */ = {isa = PBXFileReference; lastKnownFileType = sourcecode.c.objc; path = MVPDemo01Tests.m; sourceTree = "<group>"; };
		7962C91020A289DA000A4191 /* Info.plist */ = {isa = PBXFileReference; lastKnownFileType = text.plist.xml; path = Info.plist; sourceTree = "<group>"; };
		7962C91520A289DA000A4191 /* MVPDemo01UITests.xctest */ = {isa = PBXFileReference; explicitFileType = wrapper.cfbundle; includeInIndex = 0; path = MVPDemo01UITests.xctest; sourceTree = BUILT_PRODUCTS_DIR; };
		7962C91920A289DA000A4191 /* MVPDemo01UITests.m */ = {isa = PBXFileReference; lastKnownFileType = sourcecode.c.objc; path = MVPDemo01UITests.m; sourceTree = "<group>"; };
		7962C91B20A289DA000A4191 /* Info.plist */ = {isa = PBXFileReference; lastKnownFileType = text.plist.xml; path = Info.plist; sourceTree = "<group>"; };
		7962C92820A28A66000A4191 /* ViewManagerProtocol.h */ = {isa = PBXFileReference; lastKnownFileType = sourcecode.c.h; path = ViewManagerProtocol.h; sourceTree = "<group>"; };
		7962C92920A28A8A000A4191 /* ViewModelProtocol.h */ = {isa = PBXFileReference; lastKnownFileType = sourcecode.c.h; path = ViewModelProtocol.h; sourceTree = "<group>"; };
		7962C92E20A28BAF000A4191 /* DemoViewController.h */ = {isa = PBXFileReference; lastKnownFileType = sourcecode.c.h; path = DemoViewController.h; sourceTree = "<group>"; };
		7962C92F20A28BAF000A4191 /* DemoViewController.m */ = {isa = PBXFileReference; lastKnownFileType = sourcecode.c.objc; path = DemoViewController.m; sourceTree = "<group>"; };
		7962C93020A28BAF000A4191 /* DemoViewController.xib */ = {isa = PBXFileReference; lastKnownFileType = file.xib; path = DemoViewController.xib; sourceTree = "<group>"; };
		7962C93320A28CAB000A4191 /* DemoViewModel.h */ = {isa = PBXFileReference; lastKnownFileType = sourcecode.c.h; path = DemoViewModel.h; sourceTree = "<group>"; };
		7962C93420A28CAB000A4191 /* DemoViewModel.m */ = {isa = PBXFileReference; lastKnownFileType = sourcecode.c.objc; path = DemoViewModel.m; sourceTree = "<group>"; };
		7962C93620A291F8000A4191 /* DemoTableViewModel.h */ = {isa = PBXFileReference; lastKnownFileType = sourcecode.c.h; path = DemoTableViewModel.h; sourceTree = "<group>"; };
		7962C93720A291F8000A4191 /* DemoTableViewModel.m */ = {isa = PBXFileReference; lastKnownFileType = sourcecode.c.objc; path = DemoTableViewModel.m; sourceTree = "<group>"; };
		7962C93920A29944000A4191 /* DemoModel.h */ = {isa = PBXFileReference; lastKnownFileType = sourcecode.c.h; path = DemoModel.h; sourceTree = "<group>"; };
		7962C93A20A29944000A4191 /* DemoModel.m */ = {isa = PBXFileReference; lastKnownFileType = sourcecode.c.objc; path = DemoModel.m; sourceTree = "<group>"; };
		7962C93D20A2E55C000A4191 /* DemoViewManager.h */ = {isa = PBXFileReference; lastKnownFileType = sourcecode.c.h; path = DemoViewManager.h; sourceTree = "<group>"; };
		7962C93E20A2E55C000A4191 /* DemoViewManager.m */ = {isa = PBXFileReference; lastKnownFileType = sourcecode.c.objc; path = DemoViewManager.m; sourceTree = "<group>"; };
		797F1FB820A41EDD0094C10F /* ViewProtocol.h */ = {isa = PBXFileReference; lastKnownFileType = sourcecode.c.h; path = ViewProtocol.h; sourceTree = "<group>"; };
/* End PBXFileReference section */

/* Begin PBXFrameworksBuildPhase section */
		7962C8EF20A289DA000A4191 /* Frameworks */ = {
			isa = PBXFrameworksBuildPhase;
			buildActionMask = 2147483647;
			files = (
			);
			runOnlyForDeploymentPostprocessing = 0;
		};
		7962C90720A289DA000A4191 /* Frameworks */ = {
			isa = PBXFrameworksBuildPhase;
			buildActionMask = 2147483647;
			files = (
			);
			runOnlyForDeploymentPostprocessing = 0;
		};
		7962C91220A289DA000A4191 /* Frameworks */ = {
			isa = PBXFrameworksBuildPhase;
			buildActionMask = 2147483647;
			files = (
			);
			runOnlyForDeploymentPostprocessing = 0;
		};
/* End PBXFrameworksBuildPhase section */

/* Begin PBXGroup section */
		0674FCE120A337E7008440BA /* View */ = {
			isa = PBXGroup;
			children = (
				0674FCE220A337FD008440BA /* DemoOneCell.h */,
				0674FCE320A337FD008440BA /* DemoOneCell.m */,
				0674FCE520A33891008440BA /* DemoTwoCell.h */,
				0674FCE620A33891008440BA /* DemoTwoCell.m */,
				0674FCE820A338AA008440BA /* DemoThreeCell.h */,
				0674FCE920A338AA008440BA /* DemoThreeCell.m */,
			);
			path = View;
			sourceTree = "<group>";
		};
		7962C8E920A289DA000A4191 = {
			isa = PBXGroup;
			children = (
				7962C8F420A289DA000A4191 /* MVPDemo01 */,
				7962C90D20A289DA000A4191 /* MVPDemo01Tests */,
				7962C91820A289DA000A4191 /* MVPDemo01UITests */,
				7962C8F320A289DA000A4191 /* Products */,
			);
			sourceTree = "<group>";
		};
		7962C8F320A289DA000A4191 /* Products */ = {
			isa = PBXGroup;
			children = (
				7962C8F220A289DA000A4191 /* MVPDemo01.app */,
				7962C90A20A289DA000A4191 /* MVPDemo01Tests.xctest */,
				7962C91520A289DA000A4191 /* MVPDemo01UITests.xctest */,
			);
			name = Products;
			sourceTree = "<group>";
		};
		7962C8F420A289DA000A4191 /* MVPDemo01 */ = {
			isa = PBXGroup;
			children = (
				0674FCE120A337E7008440BA /* View */,
				7962C93C20A2E53D000A4191 /* ViewManager */,
				7962C92D20A28B32000A4191 /* ViewModel */,
				7962C92C20A28B2B000A4191 /* Controller */,
				7962C92A20A28B1C000A4191 /* Model */,
				7962C92720A28A36000A4191 /* ConfigKit */,
				7962C8F520A289DA000A4191 /* AppDelegate.h */,
				7962C8F620A289DA000A4191 /* AppDelegate.m */,
				7962C8F820A289DA000A4191 /* ViewController.h */,
				7962C8F920A289DA000A4191 /* ViewController.m */,
				7962C8FB20A289DA000A4191 /* Main.storyboard */,
				7962C8FE20A289DA000A4191 /* Assets.xcassets */,
				7962C90020A289DA000A4191 /* LaunchScreen.storyboard */,
				7962C90320A289DA000A4191 /* Info.plist */,
				7962C90420A289DA000A4191 /* main.m */,
			);
			path = MVPDemo01;
			sourceTree = "<group>";
		};
		7962C90D20A289DA000A4191 /* MVPDemo01Tests */ = {
			isa = PBXGroup;
			children = (
				7962C90E20A289DA000A4191 /* MVPDemo01Tests.m */,
				7962C91020A289DA000A4191 /* Info.plist */,
			);
			path = MVPDemo01Tests;
			sourceTree = "<group>";
		};
		7962C91820A289DA000A4191 /* MVPDemo01UITests */ = {
			isa = PBXGroup;
			children = (
				7962C91920A289DA000A4191 /* MVPDemo01UITests.m */,
				7962C91B20A289DA000A4191 /* Info.plist */,
			);
			path = MVPDemo01UITests;
			sourceTree = "<group>";
		};
		7962C92720A28A36000A4191 /* ConfigKit */ = {
			isa = PBXGroup;
			children = (
				7962C92820A28A66000A4191 /* ViewManagerProtocol.h */,
				7962C92920A28A8A000A4191 /* ViewModelProtocol.h */,
				797F1FB820A41EDD0094C10F /* ViewProtocol.h */,
			);
			path = ConfigKit;
			sourceTree = "<group>";
		};
		7962C92A20A28B1C000A4191 /* Model */ = {
			isa = PBXGroup;
			children = (
				7962C93920A29944000A4191 /* DemoModel.h */,
				7962C93A20A29944000A4191 /* DemoModel.m */,
			);
			path = Model;
			sourceTree = "<group>";
		};
		7962C92C20A28B2B000A4191 /* Controller */ = {
			isa = PBXGroup;
			children = (
				7962C92E20A28BAF000A4191 /* DemoViewController.h */,
				7962C92F20A28BAF000A4191 /* DemoViewController.m */,
				7962C93020A28BAF000A4191 /* DemoViewController.xib */,
			);
			path = Controller;
			sourceTree = "<group>";
		};
		7962C92D20A28B32000A4191 /* ViewModel */ = {
			isa = PBXGroup;
			children = (
				7962C93320A28CAB000A4191 /* DemoViewModel.h */,
				7962C93420A28CAB000A4191 /* DemoViewModel.m */,
				7962C93620A291F8000A4191 /* DemoTableViewModel.h */,
				7962C93720A291F8000A4191 /* DemoTableViewModel.m */,
			);
			path = ViewModel;
			sourceTree = "<group>";
		};
		7962C93C20A2E53D000A4191 /* ViewManager */ = {
			isa = PBXGroup;
			children = (
				7962C93D20A2E55C000A4191 /* DemoViewManager.h */,
				7962C93E20A2E55C000A4191 /* DemoViewManager.m */,
			);
			path = ViewManager;
			sourceTree = "<group>";
		};
/* End PBXGroup section */

/* Begin PBXNativeTarget section */
		7962C8F120A289DA000A4191 /* MVPDemo01 */ = {
			isa = PBXNativeTarget;
			buildConfigurationList = 7962C91E20A289DA000A4191 /* Build configuration list for PBXNativeTarget "MVPDemo01" */;
			buildPhases = (
				7962C8EE20A289DA000A4191 /* Sources */,
				7962C8EF20A289DA000A4191 /* Frameworks */,
				7962C8F020A289DA000A4191 /* Resources */,
			);
			buildRules = (
			);
			dependencies = (
			);
			name = MVPDemo01;
			productName = MVPDemo01;
			productReference = 7962C8F220A289DA000A4191 /* MVPDemo01.app */;
			productType = "com.apple.product-type.application";
		};
		7962C90920A289DA000A4191 /* MVPDemo01Tests */ = {
			isa = PBXNativeTarget;
			buildConfigurationList = 7962C92120A289DA000A4191 /* Build configuration list for PBXNativeTarget "MVPDemo01Tests" */;
			buildPhases = (
				7962C90620A289DA000A4191 /* Sources */,
				7962C90720A289DA000A4191 /* Frameworks */,
				7962C90820A289DA000A4191 /* Resources */,
			);
			buildRules = (
			);
			dependencies = (
				7962C90C20A289DA000A4191 /* PBXTargetDependency */,
			);
			name = MVPDemo01Tests;
			productName = MVPDemo01Tests;
			productReference = 7962C90A20A289DA000A4191 /* MVPDemo01Tests.xctest */;
			productType = "com.apple.product-type.bundle.unit-test";
		};
		7962C91420A289DA000A4191 /* MVPDemo01UITests */ = {
			isa = PBXNativeTarget;
			buildConfigurationList = 7962C92420A289DA000A4191 /* Build configuration list for PBXNativeTarget "MVPDemo01UITests" */;
			buildPhases = (
				7962C91120A289DA000A4191 /* Sources */,
				7962C91220A289DA000A4191 /* Frameworks */,
				7962C91320A289DA000A4191 /* Resources */,
			);
			buildRules = (
			);
			dependencies = (
				7962C91720A289DA000A4191 /* PBXTargetDependency */,
			);
			name = MVPDemo01UITests;
			productName = MVPDemo01UITests;
			productReference = 7962C91520A289DA000A4191 /* MVPDemo01UITests.xctest */;
			productType = "com.apple.product-type.bundle.ui-testing";
		};
/* End PBXNativeTarget section */

/* Begin PBXProject section */
		7962C8EA20A289DA000A4191 /* Project object */ = {
			isa = PBXProject;
			attributes = {
				LastUpgradeCheck = 0910;
				ORGANIZATIONNAME = lihuan;
				TargetAttributes = {
					7962C8F120A289DA000A4191 = {
						CreatedOnToolsVersion = 9.1;
						ProvisioningStyle = Automatic;
					};
					7962C90920A289DA000A4191 = {
						CreatedOnToolsVersion = 9.1;
						ProvisioningStyle = Automatic;
						TestTargetID = 7962C8F120A289DA000A4191;
					};
					7962C91420A289DA000A4191 = {
						CreatedOnToolsVersion = 9.1;
						ProvisioningStyle = Automatic;
						TestTargetID = 7962C8F120A289DA000A4191;
					};
				};
			};
			buildConfigurationList = 7962C8ED20A289DA000A4191 /* Build configuration list for PBXProject "MVPDemo01" */;
			compatibilityVersion = "Xcode 8.0";
			developmentRegion = en;
			hasScannedForEncodings = 0;
			knownRegions = (
				en,
				Base,
			);
			mainGroup = 7962C8E920A289DA000A4191;
			productRefGroup = 7962C8F320A289DA000A4191 /* Products */;
			projectDirPath = "";
			projectRoot = "";
			targets = (
				7962C8F120A289DA000A4191 /* MVPDemo01 */,
				7962C90920A289DA000A4191 /* MVPDemo01Tests */,
				7962C91420A289DA000A4191 /* MVPDemo01UITests */,
			);
		};
/* End PBXProject section */

/* Begin PBXResourcesBuildPhase section */
		7962C8F020A289DA000A4191 /* Resources */ = {
			isa = PBXResourcesBuildPhase;
			buildActionMask = 2147483647;
			files = (
				7962C90220A289DA000A4191 /* LaunchScreen.storyboard in Resources */,
				7962C8FF20A289DA000A4191 /* Assets.xcassets in Resources */,
				7962C8FD20A289DA000A4191 /* Main.storyboard in Resources */,
				7962C93220A28BAF000A4191 /* DemoViewController.xib in Resources */,
			);
			runOnlyForDeploymentPostprocessing = 0;
		};
		7962C90820A289DA000A4191 /* Resources */ = {
			isa = PBXResourcesBuildPhase;
			buildActionMask = 2147483647;
			files = (
			);
			runOnlyForDeploymentPostprocessing = 0;
		};
		7962C91320A289DA000A4191 /* Resources */ = {
			isa = PBXResourcesBuildPhase;
			buildActionMask = 2147483647;
			files = (
			);
			runOnlyForDeploymentPostprocessing = 0;
		};
/* End PBXResourcesBuildPhase section */

/* Begin PBXSourcesBuildPhase section */
		7962C8EE20A289DA000A4191 /* Sources */ = {
			isa = PBXSourcesBuildPhase;
			buildActionMask = 2147483647;
			files = (
				7962C93820A291F8000A4191 /* DemoTableViewModel.m in Sources */,
				7962C93B20A29944000A4191 /* DemoModel.m in Sources */,
				7962C8FA20A289DA000A4191 /* ViewController.m in Sources */,
				7962C90520A289DA000A4191 /* main.m in Sources */,
				7962C8F720A289DA000A4191 /* AppDelegate.m in Sources */,
				0674FCE720A33891008440BA /* DemoTwoCell.m in Sources */,
				7962C93120A28BAF000A4191 /* DemoViewController.m in Sources */,
				7962C93520A28CAB000A4191 /* DemoViewModel.m in Sources */,
				7962C93F20A2E55C000A4191 /* DemoViewManager.m in Sources */,
				0674FCE420A337FD008440BA /* DemoOneCell.m in Sources */,
				0674FCEA20A338AA008440BA /* DemoThreeCell.m in Sources */,
			);
			runOnlyForDeploymentPostprocessing = 0;
		};
		7962C90620A289DA000A4191 /* Sources */ = {
			isa = PBXSourcesBuildPhase;
			buildActionMask = 2147483647;
			files = (
				7962C90F20A289DA000A4191 /* MVPDemo01Tests.m in Sources */,
			);
			runOnlyForDeploymentPostprocessing = 0;
		};
		7962C91120A289DA000A4191 /* Sources */ = {
			isa = PBXSourcesBuildPhase;
			buildActionMask = 2147483647;
			files = (
				7962C91A20A289DA000A4191 /* MVPDemo01UITests.m in Sources */,
			);
			runOnlyForDeploymentPostprocessing = 0;
		};
/* End PBXSourcesBuildPhase section */

/* Begin PBXTargetDependency section */
		7962C90C20A289DA000A4191 /* PBXTargetDependency */ = {
			isa = PBXTargetDependency;
			target = 7962C8F120A289DA000A4191 /* MVPDemo01 */;
			targetProxy = 7962C90B20A289DA000A4191 /* PBXContainerItemProxy */;
		};
		7962C91720A289DA000A4191 /* PBXTargetDependency */ = {
			isa = PBXTargetDependency;
			target = 7962C8F120A289DA000A4191 /* MVPDemo01 */;
			targetProxy = 7962C91620A289DA000A4191 /* PBXContainerItemProxy */;
		};
/* End PBXTargetDependency section */

/* Begin PBXVariantGroup section */
		7962C8FB20A289DA000A4191 /* Main.storyboard */ = {
			isa = PBXVariantGroup;
			children = (
				7962C8FC20A289DA000A4191 /* Base */,
			);
			name = Main.storyboard;
			sourceTree = "<group>";
		};
		7962C90020A289DA000A4191 /* LaunchScreen.storyboard */ = {
			isa = PBXVariantGroup;
			children = (
				7962C90120A289DA000A4191 /* Base */,
			);
			name = LaunchScreen.storyboard;
			sourceTree = "<group>";
		};
/* End PBXVariantGroup section */

/* Begin XCBuildConfiguration section */
		7962C91C20A289DA000A4191 /* Debug */ = {
			isa = XCBuildConfiguration;
			buildSettings = {
				ALWAYS_SEARCH_USER_PATHS = NO;
				CLANG_ANALYZER_NONNULL = YES;
				CLANG_ANALYZER_NUMBER_OBJECT_CONVERSION = YES_AGGRESSIVE;
				CLANG_CXX_LANGUAGE_STANDARD = "gnu++14";
				CLANG_CXX_LIBRARY = "libc++";
				CLANG_ENABLE_MODULES = YES;
				CLANG_ENABLE_OBJC_ARC = YES;
				CLANG_WARN_BLOCK_CAPTURE_AUTORELEASING = YES;
				CLANG_WARN_BOOL_CONVERSION = YES;
				CLANG_WARN_COMMA = YES;
				CLANG_WARN_CONSTANT_CONVERSION = YES;
				CLANG_WARN_DIRECT_OBJC_ISA_USAGE = YES_ERROR;
				CLANG_WARN_DOCUMENTATION_COMMENTS = YES;
				CLANG_WARN_EMPTY_BODY = YES;
				CLANG_WARN_ENUM_CONVERSION = YES;
				CLANG_WARN_INFINITE_RECURSION = YES;
				CLANG_WARN_INT_CONVERSION = YES;
				CLANG_WARN_NON_LITERAL_NULL_CONVERSION = YES;
				CLANG_WARN_OBJC_LITERAL_CONVERSION = YES;
				CLANG_WARN_OBJC_ROOT_CLASS = YES_ERROR;
				CLANG_WARN_RANGE_LOOP_ANALYSIS = YES;
				CLANG_WARN_STRICT_PROTOTYPES = YES;
				CLANG_WARN_SUSPICIOUS_MOVE = YES;
				CLANG_WARN_UNGUARDED_AVAILABILITY = YES_AGGRESSIVE;
				CLANG_WARN_UNREACHABLE_CODE = YES;
				CLANG_WARN__DUPLICATE_METHOD_MATCH = YES;
				CODE_SIGN_IDENTITY = "iPhone Developer";
				COPY_PHASE_STRIP = NO;
				DEBUG_INFORMATION_FORMAT = dwarf;
				ENABLE_STRICT_OBJC_MSGSEND = YES;
				ENABLE_TESTABILITY = YES;
				GCC_C_LANGUAGE_STANDARD = gnu11;
				GCC_DYNAMIC_NO_PIC = NO;
				GCC_NO_COMMON_BLOCKS = YES;
				GCC_OPTIMIZATION_LEVEL = 0;
				GCC_PREPROCESSOR_DEFINITIONS = (
					"DEBUG=1",
					"$(inherited)",
				);
				GCC_WARN_64_TO_32_BIT_CONVERSION = YES;
				GCC_WARN_ABOUT_RETURN_TYPE = YES_ERROR;
				GCC_WARN_UNDECLARED_SELECTOR = YES;
				GCC_WARN_UNINITIALIZED_AUTOS = YES_AGGRESSIVE;
				GCC_WARN_UNUSED_FUNCTION = YES;
				GCC_WARN_UNUSED_VARIABLE = YES;
				IPHONEOS_DEPLOYMENT_TARGET = 11.1;
				MTL_ENABLE_DEBUG_INFO = YES;
				ONLY_ACTIVE_ARCH = YES;
				SDKROOT = iphoneos;
			};
			name = Debug;
		};
		7962C91D20A289DA000A4191 /* Release */ = {
			isa = XCBuildConfiguration;
			buildSettings = {
				ALWAYS_SEARCH_USER_PATHS = NO;
				CLANG_ANALYZER_NONNULL = YES;
				CLANG_ANALYZER_NUMBER_OBJECT_CONVERSION = YES_AGGRESSIVE;
				CLANG_CXX_LANGUAGE_STANDARD = "gnu++14";
				CLANG_CXX_LIBRARY = "libc++";
				CLANG_ENABLE_MODULES = YES;
				CLANG_ENABLE_OBJC_ARC = YES;
				CLANG_WARN_BLOCK_CAPTURE_AUTORELEASING = YES;
				CLANG_WARN_BOOL_CONVERSION = YES;
				CLANG_WARN_COMMA = YES;
				CLANG_WARN_CONSTANT_CONVERSION = YES;
				CLANG_WARN_DIRECT_OBJC_ISA_USAGE = YES_ERROR;
				CLANG_WARN_DOCUMENTATION_COMMENTS = YES;
				CLANG_WARN_EMPTY_BODY = YES;
				CLANG_WARN_ENUM_CONVERSION = YES;
				CLANG_WARN_INFINITE_RECURSION = YES;
				CLANG_WARN_INT_CONVERSION = YES;
				CLANG_WARN_NON_LITERAL_NULL_CONVERSION = YES;
				CLANG_WARN_OBJC_LITERAL_CONVERSION = YES;
				CLANG_WARN_OBJC_ROOT_CLASS = YES_ERROR;
				CLANG_WARN_RANGE_LOOP_ANALYSIS = YES;
				CLANG_WARN_STRICT_PROTOTYPES = YES;
				CLANG_WARN_SUSPICIOUS_MOVE = YES;
				CLANG_WARN_UNGUARDED_AVAILABILITY = YES_AGGRESSIVE;
				CLANG_WARN_UNREACHABLE_CODE = YES;
				CLANG_WARN__DUPLICATE_METHOD_MATCH = YES;
				CODE_SIGN_IDENTITY = "iPhone Developer";
				COPY_PHASE_STRIP = NO;
				DEBUG_INFORMATION_FORMAT = "dwarf-with-dsym";
				ENABLE_NS_ASSERTIONS = NO;
				ENABLE_STRICT_OBJC_MSGSEND = YES;
				GCC_C_LANGUAGE_STANDARD = gnu11;
				GCC_NO_COMMON_BLOCKS = YES;
				GCC_WARN_64_TO_32_BIT_CONVERSION = YES;
				GCC_WARN_ABOUT_RETURN_TYPE = YES_ERROR;
				GCC_WARN_UNDECLARED_SELECTOR = YES;
				GCC_WARN_UNINITIALIZED_AUTOS = YES_AGGRESSIVE;
				GCC_WARN_UNUSED_FUNCTION = YES;
				GCC_WARN_UNUSED_VARIABLE = YES;
				IPHONEOS_DEPLOYMENT_TARGET = 11.1;
				MTL_ENABLE_DEBUG_INFO = NO;
				SDKROOT = iphoneos;
				VALIDATE_PRODUCT = YES;
			};
			name = Release;
		};
		7962C91F20A289DA000A4191 /* Debug */ = {
			isa = XCBuildConfiguration;
			buildSettings = {
				ASSETCATALOG_COMPILER_APPICON_NAME = AppIcon;
				CODE_SIGN_STYLE = Automatic;
				INFOPLIST_FILE = MVPDemo01/Info.plist;
				LD_RUNPATH_SEARCH_PATHS = "$(inherited) @executable_path/Frameworks";
				PRODUCT_BUNDLE_IDENTIFIER = lihuancom.MVPDemo01;
				PRODUCT_NAME = "$(TARGET_NAME)";
				TARGETED_DEVICE_FAMILY = "1,2";
			};
			name = Debug;
		};
		7962C92020A289DA000A4191 /* Release */ = {
			isa = XCBuildConfiguration;
			buildSettings = {
				ASSETCATALOG_COMPILER_APPICON_NAME = AppIcon;
				CODE_SIGN_STYLE = Automatic;
				INFOPLIST_FILE = MVPDemo01/Info.plist;
				LD_RUNPATH_SEARCH_PATHS = "$(inherited) @executable_path/Frameworks";
				PRODUCT_BUNDLE_IDENTIFIER = lihuancom.MVPDemo01;
				PRODUCT_NAME = "$(TARGET_NAME)";
				TARGETED_DEVICE_FAMILY = "1,2";
			};
			name = Release;
		};
		7962C92220A289DA000A4191 /* Debug */ = {
			isa = XCBuildConfiguration;
			buildSettings = {
				BUNDLE_LOADER = "$(TEST_HOST)";
				CODE_SIGN_STYLE = Automatic;
				INFOPLIST_FILE = MVPDemo01Tests/Info.plist;
				LD_RUNPATH_SEARCH_PATHS = "$(inherited) @executable_path/Frameworks @loader_path/Frameworks";
				PRODUCT_BUNDLE_IDENTIFIER = lihuancom.MVPDemo01Tests;
				PRODUCT_NAME = "$(TARGET_NAME)";
				TARGETED_DEVICE_FAMILY = "1,2";
				TEST_HOST = "$(BUILT_PRODUCTS_DIR)/MVPDemo01.app/MVPDemo01";
			};
			name = Debug;
		};
		7962C92320A289DA000A4191 /* Release */ = {
			isa = XCBuildConfiguration;
			buildSettings = {
				BUNDLE_LOADER = "$(TEST_HOST)";
				CODE_SIGN_STYLE = Automatic;
				INFOPLIST_FILE = MVPDemo01Tests/Info.plist;
				LD_RUNPATH_SEARCH_PATHS = "$(inherited) @executable_path/Frameworks @loader_path/Frameworks";
				PRODUCT_BUNDLE_IDENTIFIER = lihuancom.MVPDemo01Tests;
				PRODUCT_NAME = "$(TARGET_NAME)";
				TARGETED_DEVICE_FAMILY = "1,2";
				TEST_HOST = "$(BUILT_PRODUCTS_DIR)/MVPDemo01.app/MVPDemo01";
			};
			name = Release;
		};
		7962C92520A289DA000A4191 /* Debug */ = {
			isa = XCBuildConfiguration;
			buildSettings = {
				CODE_SIGN_STYLE = Automatic;
				INFOPLIST_FILE = MVPDemo01UITests/Info.plist;
				LD_RUNPATH_SEARCH_PATHS = "$(inherited) @executable_path/Frameworks @loader_path/Frameworks";
				PRODUCT_BUNDLE_IDENTIFIER = lihuancom.MVPDemo01UITests;
				PRODUCT_NAME = "$(TARGET_NAME)";
				TARGETED_DEVICE_FAMILY = "1,2";
				TEST_TARGET_NAME = MVPDemo01;
			};
			name = Debug;
		};
		7962C92620A289DA000A4191 /* Release */ = {
			isa = XCBuildConfiguration;
			buildSettings = {
				CODE_SIGN_STYLE = Automatic;
				INFOPLIST_FILE = MVPDemo01UITests/Info.plist;
				LD_RUNPATH_SEARCH_PATHS = "$(inherited) @executable_path/Frameworks @loader_path/Frameworks";
				PRODUCT_BUNDLE_IDENTIFIER = lihuancom.MVPDemo01UITests;
				PRODUCT_NAME = "$(TARGET_NAME)";
				TARGETED_DEVICE_FAMILY = "1,2";
				TEST_TARGET_NAME = MVPDemo01;
			};
			name = Release;
		};
/* End XCBuildConfiguration section */

/* Begin XCConfigurationList section */
		7962C8ED20A289DA000A4191 /* Build configuration list for PBXProject "MVPDemo01" */ = {
			isa = XCConfigurationList;
			buildConfigurations = (
				7962C91C20A289DA000A4191 /* Debug */,
				7962C91D20A289DA000A4191 /* Release */,
			);
			defaultConfigurationIsVisible = 0;
			defaultConfigurationName = Release;
		};
		7962C91E20A289DA000A4191 /* Build configuration list for PBXNativeTarget "MVPDemo01" */ = {
			isa = XCConfigurationList;
			buildConfigurations = (
				7962C91F20A289DA000A4191 /* Debug */,
				7962C92020A289DA000A4191 /* Release */,
			);
			defaultConfigurationIsVisible = 0;
			defaultConfigurationName = Release;
		};
		7962C92120A289DA000A4191 /* Build configuration list for PBXNativeTarget "MVPDemo01Tests" */ = {
			isa = XCConfigurationList;
			buildConfigurations = (
				7962C92220A289DA000A4191 /* Debug */,
				7962C92320A289DA000A4191 /* Release */,
			);
			defaultConfigurationIsVisible = 0;
			defaultConfigurationName = Release;
		};
		7962C92420A289DA000A4191 /* Build configuration list for PBXNativeTarget "MVPDemo01UITests" */ = {
			isa = XCConfigurationList;
			buildConfigurations = (
				7962C92520A289DA000A4191 /* Debug */,
				7962C92620A289DA000A4191 /* Release */,
			);
			defaultConfigurationIsVisible = 0;
			defaultConfigurationName = Release;
		};
/* End XCConfigurationList section */
	};
	rootObject = 7962C8EA20A289DA000A4191 /* Project object */;
}
